
Microsoft Visual Studio Solution File, Format Version 12.00
# Visual Studio Version 16
VisualStudioVersion = 16.0.30523.141
MinimumVisualStudioVersion = 10.0.40219.1
Project("{888888A0-9F3D-457C-B088-3A5042F75D52}") = "sort_list", "sort_list\sort_list.pyproj", "{AF93CDD1-3F05-4D37-BF3E-A2DB73BD27A7}"
EndProject
Global
	GlobalSection(SolutionConfigurationPlatforms) = preSolution
		Debug|Any CPU = Debug|Any CPU
		Release|Any CPU = Release|Any CPU
	EndGlobalSection
	GlobalSection(ProjectConfigurationPlatforms) = postSolution
		{AF93CDD1-3F05-4D37-BF3E-A2DB73BD27A7}.Debug|Any CPU.ActiveCfg = Debug|Any CPU
		{AF93CDD1-3F05-4D37-BF3E-A2DB73BD27A7}.Release|Any CPU.ActiveCfg = Release|Any CPU
	EndGlobalSection
	GlobalSection(SolutionProperties) = preSolution
		HideSolutionNode = FALSE
	EndGlobalSection
	GlobalSection(ExtensibilityGlobals) = postSolution
		SolutionGuid = {982E890F-34DE-44E5-BE8B-E453F705357C}
	EndGlobalSection
EndGlobal
